// !$*UTF8*$!
{
	archiveVersion = 1;
	classes = {
	};
	objectVersion = 46;
	objects = {

/* Begin PBXBuildFile section */
		2B4380C61C64A0BE005D2DA4 /* restifizer_ios_test.m in Sources */ = {isa = PBXBuildFile; fileRef = 2B4380C51C64A0BE005D2DA4 /* restifizer_ios_test.m */; };
		2B4380C81C64A0BE005D2DA4 /* librestifizer-ios.a in Frameworks */ = {isa = PBXBuildFile; fileRef = A6815136274EE6A5F3D57845 /* librestifizer-ios.a */; };
		A68151196734A3DDB11C4210 /* ListResponse.m in Sources */ = {isa = PBXBuildFile; fileRef = A68150B473F1BDAFA92BBA0E /* ListResponse.m */; };
		A6815586C1509DE9C1444A57 /* RestifizerAuthentication.m in Sources */ = {isa = PBXBuildFile; fileRef = A6815F8896AA32D74D3CFF29 /* RestifizerAuthentication.m */; };
		A681563EBCE1A8F074069114 /* SingleObjectResponse.m in Sources */ = {isa = PBXBuildFile; fileRef = A6815B1F85257C35B3E4F9B0 /* SingleObjectResponse.m */; };
		A681598E23905B3ADB41B686 /* RestifizerResponse.m in Sources */ = {isa = PBXBuildFile; fileRef = A68157D52EED46A75AFA5E2A /* RestifizerResponse.m */; };
		A6815A3008508FB97C13E551 /* RestifizerRequest.m in Sources */ = {isa = PBXBuildFile; fileRef = A681500E61B1734AC45C4688 /* RestifizerRequest.m */; };
		A6815A5B7AFAFC45776959AB /* Restifizer.m in Sources */ = {isa = PBXBuildFile; fileRef = A68159FA93E1A1C9715FBDB4 /* Restifizer.m */; };
		A6815DEEBD6180BE9A847FBD /* RestifizerResource.m in Sources */ = {isa = PBXBuildFile; fileRef = A68152D3FE8A5D8FA39E13FB /* RestifizerResource.m */; };
/* End PBXBuildFile section */

/* Begin PBXContainerItemProxy section */
		2B4380C91C64A0BE005D2DA4 /* PBXContainerItemProxy */ = {
			isa = PBXContainerItemProxy;
			containerPortal = A6815D383A2CF3CE49763CC9 /* Project object */;
			proxyType = 1;
			remoteGlobalIDString = A6815CE8FF6760E505B6F4C8;
			remoteInfo = "restifizer-ios";
		};
/* End PBXContainerItemProxy section */

/* Begin PBXCopyFilesBuildPhase section */
		A6815C92B5A8CE31070069BF /* CopyFiles */ = {
			isa = PBXCopyFilesBuildPhase;
			buildActionMask = 2147483647;
			dstPath = "include/$(PRODUCT_NAME)";
			dstSubfolderSpec = 16;
			files = (
			);
			runOnlyForDeploymentPostprocessing = 0;
		};
/* End PBXCopyFilesBuildPhase section */

/* Begin PBXFileReference section */
		2B4380C31C64A0BE005D2DA4 /* restifizer-ios-test.xctest */ = {isa = PBXFileReference; explicitFileType = wrapper.cfbundle; includeInIndex = 0; path = "restifizer-ios-test.xctest"; sourceTree = BUILT_PRODUCTS_DIR; };
		2B4380C51C64A0BE005D2DA4 /* restifizer_ios_test.m */ = {isa = PBXFileReference; lastKnownFileType = sourcecode.c.objc; path = restifizer_ios_test.m; sourceTree = "<group>"; };
		2B4380C71C64A0BE005D2DA4 /* Info.plist */ = {isa = PBXFileReference; lastKnownFileType = text.plist.xml; path = Info.plist; sourceTree = "<group>"; };
		A681500E61B1734AC45C4688 /* RestifizerRequest.m */ = {isa = PBXFileReference; fileEncoding = 4; lastKnownFileType = sourcecode.c.objc; path = RestifizerRequest.m; sourceTree = "<group>"; };
		A681505508CF985355777F57 /* RestifizerAuthentication.h */ = {isa = PBXFileReference; fileEncoding = 4; lastKnownFileType = sourcecode.c.h; path = RestifizerAuthentication.h; sourceTree = "<group>"; };
		A68150B473F1BDAFA92BBA0E /* ListResponse.m */ = {isa = PBXFileReference; fileEncoding = 4; lastKnownFileType = sourcecode.c.objc; path = ListResponse.m; sourceTree = "<group>"; };
		A6815136274EE6A5F3D57845 /* librestifizer-ios.a */ = {isa = PBXFileReference; explicitFileType = archive.ar; includeInIndex = 0; path = "librestifizer-ios.a"; sourceTree = BUILT_PRODUCTS_DIR; };
		A68152D3FE8A5D8FA39E13FB /* RestifizerResource.m */ = {isa = PBXFileReference; fileEncoding = 4; lastKnownFileType = sourcecode.c.objc; path = RestifizerResource.m; sourceTree = "<group>"; };
		A68153BB8D82991D481FDF58 /* ListResponse.h */ = {isa = PBXFileReference; fileEncoding = 4; lastKnownFileType = sourcecode.c.h; path = ListResponse.h; sourceTree = "<group>"; };
		A68157D52EED46A75AFA5E2A /* RestifizerResponse.m */ = {isa = PBXFileReference; fileEncoding = 4; lastKnownFileType = sourcecode.c.objc; path = RestifizerResponse.m; sourceTree = "<group>"; };
		A681580026E3D3856C3501FE /* RestifizerResource.h */ = {isa = PBXFileReference; fileEncoding = 4; lastKnownFileType = sourcecode.c.h; path = RestifizerResource.h; sourceTree = "<group>"; };
		A68159FA93E1A1C9715FBDB4 /* Restifizer.m */ = {isa = PBXFileReference; fileEncoding = 4; lastKnownFileType = sourcecode.c.objc; path = Restifizer.m; sourceTree = "<group>"; };
		A6815B1F85257C35B3E4F9B0 /* SingleObjectResponse.m */ = {isa = PBXFileReference; fileEncoding = 4; lastKnownFileType = sourcecode.c.objc; path = SingleObjectResponse.m; sourceTree = "<group>"; };
		A6815BFF2FAA7B907E8CF177 /* RestifizerResponse.h */ = {isa = PBXFileReference; fileEncoding = 4; lastKnownFileType = sourcecode.c.h; path = RestifizerResponse.h; sourceTree = "<group>"; };
		A6815DE3CAB8306BCB54B1A1 /* SingleObjectResponse.h */ = {isa = PBXFileReference; fileEncoding = 4; lastKnownFileType = sourcecode.c.h; path = SingleObjectResponse.h; sourceTree = "<group>"; };
		A6815EEFEED615FFE753D85A /* Restifizer.h */ = {isa = PBXFileReference; fileEncoding = 4; lastKnownFileType = sourcecode.c.h; path = Restifizer.h; sourceTree = "<group>"; };
		A6815F8896AA32D74D3CFF29 /* RestifizerAuthentication.m */ = {isa = PBXFileReference; fileEncoding = 4; lastKnownFileType = sourcecode.c.objc; path = RestifizerAuthentication.m; sourceTree = "<group>"; };
		A6815FFD890682061C754708 /* RestifizerRequest.h */ = {isa = PBXFileReference; fileEncoding = 4; lastKnownFileType = sourcecode.c.h; path = RestifizerRequest.h; sourceTree = "<group>"; };
/* End PBXFileReference section */

/* Begin PBXFrameworksBuildPhase section */
		2B4380C01C64A0BE005D2DA4 /* Frameworks */ = {
			isa = PBXFrameworksBuildPhase;
			buildActionMask = 2147483647;
			files = (
				2B4380C81C64A0BE005D2DA4 /* librestifizer-ios.a in Frameworks */,
			);
			runOnlyForDeploymentPostprocessing = 0;
		};
		A6815AFE0F95EA1D0B3AFDE1 /* Frameworks */ = {
			isa = PBXFrameworksBuildPhase;
			buildActionMask = 2147483647;
			files = (
			);
			runOnlyForDeploymentPostprocessing = 0;
		};
/* End PBXFrameworksBuildPhase section */

/* Begin PBXGroup section */
		2B4380C41C64A0BE005D2DA4 /* restifizer-ios-test */ = {
			isa = PBXGroup;
			children = (
				2B4380C51C64A0BE005D2DA4 /* restifizer_ios_test.m */,
				2B4380C71C64A0BE005D2DA4 /* Info.plist */,
			);
			path = "restifizer-ios-test";
			sourceTree = "<group>";
		};
		A6815A02AA194F777F811106 = {
			isa = PBXGroup;
			children = (
				2B4380C41C64A0BE005D2DA4 /* restifizer-ios-test */,
				A6815D7ACA8C31B212BA6899 /* Products */,
				A6815CDECB79FF7770F860C2 /* restifizer-ios */,
			);
			sourceTree = "<group>";
		};
		A6815BFBDB822C98D329F187 /* Responses */ = {
			isa = PBXGroup;
			children = (
				A68157D52EED46A75AFA5E2A /* RestifizerResponse.m */,
				A6815BFF2FAA7B907E8CF177 /* RestifizerResponse.h */,
				A6815C7F538BFC21CE6708E7 /* Derivatives */,
			);
			path = Responses;
			sourceTree = "<group>";
		};
		A6815C7F538BFC21CE6708E7 /* Derivatives */ = {
			isa = PBXGroup;
			children = (
				A6815B1F85257C35B3E4F9B0 /* SingleObjectResponse.m */,
				A6815DE3CAB8306BCB54B1A1 /* SingleObjectResponse.h */,
				A68150B473F1BDAFA92BBA0E /* ListResponse.m */,
				A68153BB8D82991D481FDF58 /* ListResponse.h */,
			);
			path = Derivatives;
			sourceTree = "<group>";
		};
		A6815CDECB79FF7770F860C2 /* restifizer-ios */ = {
			isa = PBXGroup;
			children = (
				A681500E61B1734AC45C4688 /* RestifizerRequest.m */,
				A6815FFD890682061C754708 /* RestifizerRequest.h */,
				A681580026E3D3856C3501FE /* RestifizerResource.h */,
				A68152D3FE8A5D8FA39E13FB /* RestifizerResource.m */,
				A68159FA93E1A1C9715FBDB4 /* Restifizer.m */,
				A6815EEFEED615FFE753D85A /* Restifizer.h */,
				A6815BFBDB822C98D329F187 /* Responses */,
				A6815F8896AA32D74D3CFF29 /* RestifizerAuthentication.m */,
				A681505508CF985355777F57 /* RestifizerAuthentication.h */,
			);
			path = "restifizer-ios";
			sourceTree = "<group>";
		};
		A6815D7ACA8C31B212BA6899 /* Products */ = {
			isa = PBXGroup;
			children = (
				A6815136274EE6A5F3D57845 /* librestifizer-ios.a */,
				2B4380C31C64A0BE005D2DA4 /* restifizer-ios-test.xctest */,
			);
			name = Products;
			sourceTree = "<group>";
		};
/* End PBXGroup section */

/* Begin PBXNativeTarget section */
		2B4380C21C64A0BE005D2DA4 /* restifizer-ios-test */ = {
			isa = PBXNativeTarget;
			buildConfigurationList = 2B4380CD1C64A0BE005D2DA4 /* Build configuration list for PBXNativeTarget "restifizer-ios-test" */;
			buildPhases = (
				2B4380BF1C64A0BE005D2DA4 /* Sources */,
				2B4380C01C64A0BE005D2DA4 /* Frameworks */,
				2B4380C11C64A0BE005D2DA4 /* Resources */,
			);
			buildRules = (
			);
			dependencies = (
				2B4380CA1C64A0BE005D2DA4 /* PBXTargetDependency */,
			);
			name = "restifizer-ios-test";
			productName = "restifizer-ios-test";
			productReference = 2B4380C31C64A0BE005D2DA4 /* restifizer-ios-test.xctest */;
			productType = "com.apple.product-type.bundle.unit-test";
		};
		A6815CE8FF6760E505B6F4C8 /* restifizer-ios */ = {
			isa = PBXNativeTarget;
			buildConfigurationList = A6815AD6BEE90410C1ED5393 /* Build configuration list for PBXNativeTarget "restifizer-ios" */;
			buildPhases = (
				A68153CD0BBDDEA7295E91CB /* Sources */,
				A6815AFE0F95EA1D0B3AFDE1 /* Frameworks */,
				A6815C92B5A8CE31070069BF /* CopyFiles */,
			);
			buildRules = (
			);
			dependencies = (
			);
			name = "restifizer-ios";
			productName = "restifizer-ios";
			productReference = A6815136274EE6A5F3D57845 /* librestifizer-ios.a */;
			productType = "com.apple.product-type.library.static";
		};
/* End PBXNativeTarget section */

/* Begin PBXProject section */
		A6815D383A2CF3CE49763CC9 /* Project object */ = {
			isa = PBXProject;
			attributes = {
				ORGANIZATIONNAME = VedideV;
				TargetAttributes = {
					2B4380C21C64A0BE005D2DA4 = {
						CreatedOnToolsVersion = 7.2;
					};
				};
			};
			buildConfigurationList = A68157EDD0C0FEAB2BA58F0C /* Build configuration list for PBXProject "restifizer-ios" */;
			compatibilityVersion = "Xcode 3.2";
			developmentRegion = English;
			hasScannedForEncodings = 0;
			knownRegions = (
				en,
			);
			mainGroup = A6815A02AA194F777F811106;
			productRefGroup = A6815D7ACA8C31B212BA6899 /* Products */;
			projectDirPath = "";
			projectRoot = "";
			targets = (
				A6815CE8FF6760E505B6F4C8 /* restifizer-ios */,
				2B4380C21C64A0BE005D2DA4 /* restifizer-ios-test */,
			);
		};
/* End PBXProject section */

/* Begin PBXResourcesBuildPhase section */
		2B4380C11C64A0BE005D2DA4 /* Resources */ = {
			isa = PBXResourcesBuildPhase;
			buildActionMask = 2147483647;
			files = (
			);
			runOnlyForDeploymentPostprocessing = 0;
		};
/* End PBXResourcesBuildPhase section */

/* Begin PBXSourcesBuildPhase section */
		2B4380BF1C64A0BE005D2DA4 /* Sources */ = {
			isa = PBXSourcesBuildPhase;
			buildActionMask = 2147483647;
			files = (
				2B4380C61C64A0BE005D2DA4 /* restifizer_ios_test.m in Sources */,
			);
			runOnlyForDeploymentPostprocessing = 0;
		};
		A68153CD0BBDDEA7295E91CB /* Sources */ = {
			isa = PBXSourcesBuildPhase;
			buildActionMask = 2147483647;
			files = (
				A6815A3008508FB97C13E551 /* RestifizerRequest.m in Sources */,
				A6815DEEBD6180BE9A847FBD /* RestifizerResource.m in Sources */,
				A6815A5B7AFAFC45776959AB /* Restifizer.m in Sources */,
				A681598E23905B3ADB41B686 /* RestifizerResponse.m in Sources */,
				A681563EBCE1A8F074069114 /* SingleObjectResponse.m in Sources */,
				A68151196734A3DDB11C4210 /* ListResponse.m in Sources */,
				A6815586C1509DE9C1444A57 /* RestifizerAuthentication.m in Sources */,
			);
			runOnlyForDeploymentPostprocessing = 0;
		};
/* End PBXSourcesBuildPhase section */

/* Begin PBXTargetDependency section */
		2B4380CA1C64A0BE005D2DA4 /* PBXTargetDependency */ = {
			isa = PBXTargetDependency;
			target = A6815CE8FF6760E505B6F4C8 /* restifizer-ios */;
			targetProxy = 2B4380C91C64A0BE005D2DA4 /* PBXContainerItemProxy */;
		};
/* End PBXTargetDependency section */

/* Begin XCBuildConfiguration section */
		2B4380CB1C64A0BE005D2DA4 /* Debug */ = {
			isa = XCBuildConfiguration;
			buildSettings = {
				INFOPLIST_FILE = "restifizer-ios-test/Info.plist";
				LD_RUNPATH_SEARCH_PATHS = "$(inherited) @executable_path/Frameworks @loader_path/Frameworks";
				PRODUCT_BUNDLE_IDENTIFIER = "com.vedidev.restifizer-ios-test";
				PRODUCT_NAME = "$(TARGET_NAME)";
			};
			name = Debug;
		};
		2B4380CC1C64A0BE005D2DA4 /* Release */ = {
			isa = XCBuildConfiguration;
			buildSettings = {
				INFOPLIST_FILE = "restifizer-ios-test/Info.plist";
				LD_RUNPATH_SEARCH_PATHS = "$(inherited) @executable_path/Frameworks @loader_path/Frameworks";
				PRODUCT_BUNDLE_IDENTIFIER = "com.vedidev.restifizer-ios-test";
				PRODUCT_NAME = "$(TARGET_NAME)";
			};
			name = Release;
		};
		A68157013CE60FC3360C808A /* Release */ = {
			isa = XCBuildConfiguration;
			buildSettings = {
				OTHER_LDFLAGS = "-ObjC";
				PRODUCT_NAME = "$(TARGET_NAME)";
				SKIP_INSTALL = YES;
			};
			name = Release;
		};
		A681579093109C7CF6527B5D /* Debug */ = {
			isa = XCBuildConfiguration;
			buildSettings = {
				ALWAYS_SEARCH_USER_PATHS = NO;
				CLANG_CXX_LANGUAGE_STANDARD = "gnu++0x";
				CLANG_CXX_LIBRARY = "libc++";
				CLANG_ENABLE_MODULES = YES;
				CLANG_ENABLE_OBJC_ARC = YES;
				CLANG_WARN_BOOL_CONVERSION = YES;
				CLANG_WARN_CONSTANT_CONVERSION = YES;
				CLANG_WARN_DIRECT_OBJC_ISA_USAGE = YES_ERROR;
				CLANG_WARN_EMPTY_BODY = YES;
				CLANG_WARN_ENUM_CONVERSION = YES;
				CLANG_WARN_INT_CONVERSION = YES;
				CLANG_WARN_OBJC_ROOT_CLASS = YES_ERROR;
				CLANG_WARN_UNREACHABLE_CODE = YES;
				CLANG_WARN__DUPLICATE_METHOD_MATCH = YES;
				"CODE_SIGN_IDENTITY[sdk=iphoneos*]" = "iPhone Developer";
				COPY_PHASE_STRIP = NO;
				DEBUG_INFORMATION_FORMAT = dwarf;
				ENABLE_STRICT_OBJC_MSGSEND = YES;
				ENABLE_TESTABILITY = YES;
				GCC_C_LANGUAGE_STANDARD = gnu99;
				GCC_DYNAMIC_NO_PIC = NO;
				GCC_NO_COMMON_BLOCKS = YES;
				GCC_OPTIMIZATION_LEVEL = 0;
				GCC_PREPROCESSOR_DEFINITIONS = (
					"DEBUG=1",
					"$(inherited)",
				);
				GCC_WARN_64_TO_32_BIT_CONVERSION = YES;
				GCC_WARN_ABOUT_RETURN_TYPE = YES_ERROR;
				GCC_WARN_UNDECLARED_SELECTOR = YES;
				GCC_WARN_UNINITIALIZED_AUTOS = YES_AGGRESSIVE;
				GCC_WARN_UNUSED_FUNCTION = YES;
				GCC_WARN_UNUSED_VARIABLE = YES;
				IPHONEOS_DEPLOYMENT_TARGET = 9.2;
				MTL_ENABLE_DEBUG_INFO = YES;
				ONLY_ACTIVE_ARCH = YES;
				SDKROOT = iphoneos;
			};
			name = Debug;
		};
		A6815AA46E6E70E8F7C23C42 /* Release */ = {
			isa = XCBuildConfiguration;
			buildSettings = {
				ALWAYS_SEARCH_USER_PATHS = NO;
				CLANG_CXX_LANGUAGE_STANDARD = "gnu++0x";
				CLANG_CXX_LIBRARY = "libc++";
				CLANG_ENABLE_MODULES = YES;
				CLANG_ENABLE_OBJC_ARC = YES;
				CLANG_WARN_BOOL_CONVERSION = YES;
				CLANG_WARN_CONSTANT_CONVERSION = YES;
				CLANG_WARN_DIRECT_OBJC_ISA_USAGE = YES_ERROR;
				CLANG_WARN_EMPTY_BODY = YES;
				CLANG_WARN_ENUM_CONVERSION = YES;
				CLANG_WARN_INT_CONVERSION = YES;
				CLANG_WARN_OBJC_ROOT_CLASS = YES_ERROR;
				CLANG_WARN_UNREACHABLE_CODE = YES;
				CLANG_WARN__DUPLICATE_METHOD_MATCH = YES;
				"CODE_SIGN_IDENTITY[sdk=iphoneos*]" = "iPhone Developer";
				COPY_PHASE_STRIP = NO;
				DEBUG_INFORMATION_FORMAT = "dwarf-with-dsym";
				ENABLE_NS_ASSERTIONS = NO;
				ENABLE_STRICT_OBJC_MSGSEND = YES;
				GCC_C_LANGUAGE_STANDARD = gnu99;
				GCC_NO_COMMON_BLOCKS = YES;
				GCC_WARN_64_TO_32_BIT_CONVERSION = YES;
				GCC_WARN_ABOUT_RETURN_TYPE = YES_ERROR;
				GCC_WARN_UNDECLARED_SELECTOR = YES;
				GCC_WARN_UNINITIALIZED_AUTOS = YES_AGGRESSIVE;
				GCC_WARN_UNUSED_FUNCTION = YES;
				GCC_WARN_UNUSED_VARIABLE = YES;
				IPHONEOS_DEPLOYMENT_TARGET = 9.2;
				MTL_ENABLE_DEBUG_INFO = NO;
				SDKROOT = iphoneos;
				VALIDATE_PRODUCT = YES;
			};
			name = Release;
		};
		A6815C4AB70BC9262124FB94 /* Debug */ = {
			isa = XCBuildConfiguration;
			buildSettings = {
				OTHER_LDFLAGS = "-ObjC";
				PRODUCT_NAME = "$(TARGET_NAME)";
				SKIP_INSTALL = YES;
			};
			name = Debug;
		};
/* End XCBuildConfiguration section */

/* Begin XCConfigurationList section */
		2B4380CD1C64A0BE005D2DA4 /* Build configuration list for PBXNativeTarget "restifizer-ios-test" */ = {
			isa = XCConfigurationList;
			buildConfigurations = (
				2B4380CB1C64A0BE005D2DA4 /* Debug */,
				2B4380CC1C64A0BE005D2DA4 /* Release */,
			);
			defaultConfigurationIsVisible = 0;
		};
		A68157EDD0C0FEAB2BA58F0C /* Build configuration list for PBXProject "restifizer-ios" */ = {
			isa = XCConfigurationList;
			buildConfigurations = (
				A681579093109C7CF6527B5D /* Debug */,
				A6815AA46E6E70E8F7C23C42 /* Release */,
			);
			defaultConfigurationIsVisible = 0;
			defaultConfigurationName = Release;
		};
		A6815AD6BEE90410C1ED5393 /* Build configuration list for PBXNativeTarget "restifizer-ios" */ = {
			isa = XCConfigurationList;
			buildConfigurations = (
				A6815C4AB70BC9262124FB94 /* Debug */,
				A68157013CE60FC3360C808A /* Release */,
			);
			defaultConfigurationIsVisible = 0;
			defaultConfigurationName = Release;
		};
/* End XCConfigurationList section */
	};
	rootObject = A6815D383A2CF3CE49763CC9 /* Project object */;
}
